version = 1
revision = 3
requires-python = ">=3.9"
resolution-markers = [
    "python_full_version >= '3.12'",
    "python_full_version == '3.11.*'",
    "python_full_version == '3.10.*'",
    "python_full_version < '3.10'",
]

[[package]]
name = "asgiref"
version = "3.11.1"
source = { registry = "https://pypi.org/simple" }
resolution-markers = [
    "python_full_version < '3.10'",
]
dependencies = [
    { name = "typing-extensions" },
]
sdist = { url = "https://files.pythonhosted.org/packages/63/40/f03da1264ae8f7cfdbf9146542e5e7e8100a4c66ab48e791df9a03d3f6c0/asgiref-3.11.1.tar.gz", hash = "sha256:5f184dc43b7e763efe848065441eac62229c9f7b0475f41f80e207a114eda4ce", size = 38550, upload-time = "2026-02-03T13:30:14.33Z" }
wheels = [
    { url = "https://files.pythonhosted.org/packages/5c/0a/a72d10ed65068e115044937873362e6e32fab1b7dce0046aeb224682c989/asgiref-3.11.1-py3-none-any.whl", hash = "sha256:e8667a091e69529631969fd45dc268fa79b99c92c5fcdda727757e52146ec133", size = 24345, upload-time = "2026-02-03T13:30:13.039Z" },
]

[[package]]
name = "asgiref"
version = "3.12.1"
source = { registry = "https://pypi.org/simple" }
resolution-markers = [
    "python_full_version >= '3.12'",
    "python_full_version == '3.11.*'",
    "python_full_version == '3.10.*'",
]
dependencies = [
    { name = "typing-extensions", marker = "python_full_version < '3.11'" },
]
sdist = { url = "https://files.pythonhosted.org/packages/e6/26/3b59f2bdae5f640389becb1f673cded775287f5fc4f816309d9ca9a3f93d/asgiref-3.12.1.tar.gz", hash = "sha256:59dcb51c272ad209d59bed5708a64a333083e86017d7fcdd67498eeab7784340", size = 42378, upload-time = "2026-07-14T09:56:18.087Z" }
wheels = [
    { url = "https://files.pythonhosted.org/packages/c0/1b/54f4ad77cd8a584fa70746c47df988e002cf1ee1eba43364d46f87803647/asgiref-3.12.1-py3-none-any.whl", hash = "sha256:fe386d1c2bff7259ea95929266d12a8cf9a8b5a1c2598402967d8792e7a7c094", size = 25478, upload-time = "2026-07-14T09:56:16.926Z" },
]

[[package]]
name = "boto3"
version = "1.42.97"
source = { registry = "https://pypi.org/simple" }
resolution-markers = [
    "python_full_version < '3.10'",
]
dependencies = [
    { name = "botocore", version = "1.42.97", source = { registry = "https://pypi.org/simple" } },
    { name = "jmespath" },
    { name = "s3transfer", version = "0.16.1", source = { registry = "https://pypi.org/simple" } },
]
sdist = { url = "https://files.pythonhosted.org/packages/55/7d/5c6fa0bb9fd5caf865b9356411793900304328bcd0bc1eda96a32a1368a6/boto3-1.42.97.tar.gz", hash = "sha256:2833dbeda3670ea610ad48dff7d27cdc829dbbfcdfbc6b750b673948e949b6f0", size = 113217, upload-time = "2026-04-27T20:39:17.646Z" }
wheels = [
    { url = "https://files.pythonhosted.org/packages/38/43/84c1888139aa1aaf1dc53f8f914e6ec629e5a571fbafdd42fb2d98ac361f/boto3-1.42.97-py3-none-any.whl", hash = "sha256:966e49f0510af9a64057a902b7df53d4348c447de0d3df4cc855dfd85e058fcd", size = 140556, upload-time = "2026-04-27T20:39:15.509Z" },
]

[[package]]
name = "boto3"
version = "1.43.108"
source = { registry = "https://pypi.org/simple" }
resolution-markers = [
    "python_full_version >= '3.12'",
    "python_full_version == '3.11.*'",
    "python_full_version == '3.10.*'",
]
dependencies = [
    { name = "botocore", version = "1.43.108", source = { registry = "https://pypi.org/simple" } },
    { name = "jmespath" },
    { name = "s3transfer", version = "0.19.2", source = { registry = "https://pypi.org/simple" } },
]
sdist = { url = "https://files.pythonhosted.org/packages/48/59/fb93b6ebd9ad43eb9a58c7a6da51a0fe24ab0c04bc4d534a0bfc5eba7f59/boto3-1.43.108.tar.gz", hash = "sha256:03341f089158368acf83e921aca98b706095322ca52bc4c039a616940aa5ad41", size = 112682, upload-time = "2026-10-02T19:32:25.211Z" }
wheels = [
    { url = "https://files.pythonhosted.org/packages/74/e4/7e88c40e9f61888e12dac0de41a5fddc2bcd1c3992d9b28e17d915cce0df/boto3-1.43.108-py3-none-any.whl", hash = "sha256:19e9da95ef0c494e27052049a42137550e66730509bb613e76eaa30ddf9a7170", size = 140045, upload-time = "2026-10-02T19:32:23.826Z" },
]

[[package]]
name = "botocore"
version = "1.42.97"
source = { registry = "https://pypi.org/simple" }
resolution-markers = [
    "python_full_version < '3.10'",
]
dependencies = [
    { name = "jmespath" },
    { name = "python-dateutil" },
    { name = "urllib3", version = "1.26.20", source = { registry = "https://pypi.org/simple" } },
]
sdist = { url = "https://files.pythonhosted.org/packages/c6/95/c37edb602948fad2253ffd1bb3dba5b938645bd1845ee4160350136a0f41/botocore-1.42.97.tar.gz", hash = "sha256:5c0bb00e32d16ff6d278cc8c9e10dc3672d9c1d569031635ac3c908a60de8310", size = 15269348, upload-time = "2026-04-27T20:39:05.625Z" }
wheels = [
    { url = "https://files.pythonhosted.org/packages/e3/d2/8e025ba1a4e257879af72d06913272311af79673d82fa2581a351b924317/botocore-1.42.97-py3-none-any.whl", hash = "sha256:77d2c8ce1bc592d3fbd7c01c35836f4a5b0cac2ca03ccdf6ffc60faa16b5fadc", size = 14950367, upload-time = "2026-04-27T20:39:01.261Z" },
]

[[package]]
name = "botocore"
version = "1.43.108"
source = { registry = "https://pypi.org/simple" }
resolution-markers = [
    "python_full_version >= '3.12'",
    "python_full_version == '3.11.*'",
    "python_full_version == '3.10.*'",
]
dependencies = [
    { name = "jmespath" },
    { name = "python-dateutil" },
    { name = "urllib3", version = "2.8.0", source = { registry = "https://pypi.org/simple" } },
]
sdist = { url = "https://files.pythonhosted.org/packages/61/16/6b4477f433da2c11193802f538330ce080076c2f38d817ad437ed3cd1465/botocore-1.43.108.tar.gz", hash = "sha256:ee4f75cf3bdbb0da7912e089950e8112f692016539d939312c771499958e6cfd", size = 16312879, upload-time = "2026-10-02T19:32:20.797Z" }
wheels = [
    { url = "https://files.pythonhosted.org/packages/7a/0b/4670b7e23914b5cc357be5ca45fae503b57d98ecff4b3eabea70412809fd/botocore-1.43.108-py3-none-any.whl", hash = "sha256:ab9d16c6b4350aaa54ed28202dfa2998b2d735fdbf3247eb60af469d8d48a5b8", size = 16008194, upload-time = "2026-10-02T19:32:15.086Z" },
]

[[package]]
name = "django"
version = "4.2.30"
source = { registry = "https://pypi.org/simple" }
resolution-markers = [
    "python_full_version < '3.10'",
]
dependencies = [
    { name = "asgiref", version = "3.11.1", source = { registry = "https://pypi.org/simple" } },
    { name = "sqlparse", version = "0.5.5", source = { registry = "https://pypi.org/simple" } },
    { name = "tzdata", marker = "sys_platform == 'win32'" },
]
sdist = { url = "https://files.pythonhosted.org/packages/11/b5/f1a53dc68da6429d6e0345bb848161e2381a2e9f02700148911e8582c2b3/django-4.2.30.tar.gz", hash = "sha256:4ebc7a434e3819db6cf4b399fb5b3f536310a30e8486f08b66886840be84b37c", size = 10468707, upload-time = "2026-04-07T14:05:45.57Z" }
wheels = [
    { url = "https://files.pythonhosted.org/packages/39/b7/a7c96f239cf91313a6589233fed55111c7063b26683b226802732c455dbc/django-4.2.30-py3-none-any.whl", hash = "sha256:4d07aaf1c62f9984842b67c2874ebbf7056a17be253860299b93ae1881faad65", size = 7997231, upload-time = "2026-04-07T14:05:38.241Z" },
]

[[package]]
name = "django"
version = "5.2.17"
source = { registry = "https://pypi.org/simple" }
resolution-markers = [
    "python_full_version == '3.11.*'",
    "python_full_version == '3.10.*'",
]
dependencies = [
    { name = "asgiref", version = "3.12.1", source = { registry = "https://pypi.org/simple" } },
    { name = "sqlparse", version = "0.6.0", source = { registry = "https://pypi.org/simple" } },
    { name = "tzdata", marker = "sys_platform == 'win32'" },
]
sdist = { url = "https://files.pythonhosted.org/packages/d5/d8/43e9d000519adceb189620b6869ff88031e046df91c2e9da72f8f6918399/django-5.2.17.tar.gz", hash = "sha256:9d4d93be539a18ab80d058eb515900e10951e04c537c5a6b394fc49528d3251f", size = 10889740, upload-time = "2026-08-04T15:04:03.173Z" }
wheels = [
    { url = "https://files.pythonhosted.org/packages/df/f8/ce120525ca78f12b07daf65786679c5d0b54a75285a8958d3ae55e39da35/django-5.2.17-py3-none-any.whl", hash = "sha256:f04fb3b36ee119e1af4fa1d397d5fd6cf12700f49321e84d4f4c642c5b1973db", size = 8315563, upload-time = "2026-08-04T15:03:59.1Z" },
]

[[package]]
name = "django"
version = "6.1.1"
source = { registry = "https://pypi.org/simple" }
resolution-markers = [
    "python_full_version >= '3.12'",
]
dependencies = [
    { name = "asgiref", version = "3.12.1", source = { registry = "https://pypi.org/simple" } },
    { name = "sqlparse", version = "0.6.0", source = { registry = "https://pypi.org/simple" } },
    { name = "tzdata", marker = "sys_platform == 'win32'" },
]
sdist = { url = "https://files.pythonhosted.org/packages/f8/d4/8314b5bdef20832f0ac6ae3b3e4d4924e4759fa3b4af27609dd747e7a6be/django-6.1.1.tar.gz", hash = "sha256:7ab93536d8e677aa14554c56426290c69480bf2ee68d7513d4a22f57d6bfeb84", size = 11284905, upload-time = "2026-09-02T17:20:45.621Z" }
wheels = [
    { url = "https://files.pythonhosted.org/packages/8d/ca/c1040a4fd15754ede7df15fd72fc2e123045b473b253ab5f5284e11c651e/django-6.1.1-py3-none-any.whl", hash = "sha256:585fb82bf15053c42cf52e67c2f1b54a032dca384759315fd6678ab1870d1d72", size = 8419512, upload-time = "2026-09-02T17:20:39.153Z" },
]

[[package]]
name = "g21-large"
version = "0.1.0"
source = { editable = "." }
dependencies = [
    { name = "boto3", version = "1.42.97", source = { registry = "https://pypi.org/simple" }, marker = "python_full_version < '3.10'" },
    { name = "boto3", version = "1.43.108", source = { registry = "https://pypi.org/simple" }, marker = "python_full_version >= '3.10'" },
    { name = "django", version = "4.2.30", source = { registry = "https://pypi.org/simple" }, marker = "python_full_version < '3.10'" },
    { name = "django", version = "5.2.17", source = { registry = "https://pypi.org/simple" }, marker = "python_full_version >= '3.10' and python_full_version < '3.12'" },
    { name = "django", version = "6.1.1", source = { registry = "https://pypi.org/simple" }, marker = "python_full_version >= '3.12'" },
    { name = "networkx", version = "3.2.1", source = { registry = "https://pypi.org/simple" }, marker = "python_full_version < '3.10'" },
    { name = "networkx", version = "3.4.2", source = { registry = "https://pypi.org/simple" }, marker = "python_full_version == '3.10.*'" },
    { name = "networkx", version = "3.6.1", source = { registry = "https://pypi.org/simple" }, marker = "python_full_version == '3.11.*'" },
    { name = "networkx", version = "3.7", source = { registry = "https://pypi.org/simple" }, marker = "python_full_version >= '3.12'" },
    { name = "sympy" },
]

[package.metadata]
requires-dist = [
    { name = "boto3", specifier = ">=1.34" },
    { name = "django", specifier = ">=4.2" },
    { name = "networkx", specifier = ">=3.1" },
    { name = "sympy", specifier = ">=1.12" },
]

[[package]]
name = "jmespath"
version = "1.1.0"
source = { registry = "https://pypi.org/simple" }
sdist = { url = "https://files.pythonhosted.org/packages/d3/59/322338183ecda247fb5d1763a6cbe46eff7222eaeebafd9fa65d4bf5cb11/jmespath-1.1.0.tar.gz", hash = "sha256:472c87d80f36026ae83c6ddd0f1d05d4e510134ed462851fd5f754c8c3cbb88d", size = 27377, upload-time = "2026-01-22T16:35:26.279Z" }
wheels = [
    { url = "https://files.pythonhosted.org/packages/14/2f/967ba146e6d58cf6a652da73885f52fc68001525b4197effc174321d70b4/jmespath-1.1.0-py3-none-any.whl", hash = "sha256:a5663118de4908c91729bea0acadca56526eb2698e83de10cd116ae0f4e97c64", size = 20419, upload-time = "2026-01-22T16:35:24.919Z" },
]

[[package]]
name = "mpmath"
version = "1.3.0"
source = { registry = "https://pypi.org/simple" }
sdist = { url = "https://files.pythonhosted.org/packages/e0/47/dd32fa426cc72114383ac549964eecb20ecfd886d1e5ccf5340b55b02f57/mpmath-1.3.0.tar.gz", hash = "sha256:7a28eb2a9774d00c7bc92411c19a89209d5da7c4c9a9e227be8330a23a25b91f", size = 508106, upload-time = "2023-03-07T16:47:11.061Z" }
wheels = [
    { url = "https://files.pythonhosted.org/packages/43/e3/7d92a15f894aa0c9c4b49b8ee9ac9850d6e63b03c9c32c0367a13ae62209/mpmath-1.3.0-py3-none-any.whl", hash = "sha256:a0b2b9fe80bbcd81a6647ff13108738cfb482d481d826cc0e02f5b35e5c88d2c", size = 536198, upload-time = "2023-03-07T16:47:09.197Z" },
]

[[package]]
name = "networkx"
version = "3.2.1"
source = { registry = "https://pypi.org/simple" }
resolution-markers = [
    "python_full_version < '3.10'",
]
sdist = { url = "https://files.pythonhosted.org/packages/c4/80/a84676339aaae2f1cfdf9f418701dd634aef9cc76f708ef55c36ff39c3ca/networkx-3.2.1.tar.gz", hash = "sha256:9f1bb5cf3409bf324e0a722c20bdb4c20ee39bf1c30ce8ae499c8502b0b5e0c6", size = 2073928, upload-time = "2023-10-28T08:41:39.364Z" }
wheels = [
    { url = "https://files.pythonhosted.org/packages/d5/f0/8fbc882ca80cf077f1b246c0e3c3465f7f415439bdea6b899f6b19f61f70/networkx-3.2.1-py3-none-any.whl", hash = "sha256:f18c69adc97877c42332c170849c96cefa91881c99a7cb3e95b7c659ebdc1ec2", size = 1647772, upload-time = "2023-10-28T08:41:36.945Z" },
]

[[package]]
name = "networkx"
version = "3.4.2"
source = { registry = "https://pypi.org/simple" }
resolution-markers = [
    "python_full_version == '3.10.*'",
]
sdist = { url = "https://files.pythonhosted.org/packages/fd/1d/06475e1cd5264c0b870ea2cc6fdb3e37177c1e565c43f56ff17a10e3937f/networkx-3.4.2.tar.gz", hash = "sha256:307c3669428c5362aab27c8a1260aa8f47c4e91d3891f48be0141738d8d053e1", size = 2151368, upload-time = "2024-10-21T12:39:38.695Z" }
wheels = [
    { url = "https://files.pythonhosted.org/packages/b9/54/dd730b32ea14ea797530a4479b2ed46a6fb250f682a9cfb997e968bf0261/networkx-3.4.2-py3-none-any.whl", hash = "sha256:df5d4365b724cf81b8c6a7312509d0c22386097011ad1abe274afd5e9d3bbc5f", size = 1723263, upload-time = "2024-10-21T12:39:36.247Z" },
]

[[package]]
name = "networkx"
version = "3.6.1"
source = { registry = "https://pypi.org/simple" }
resolution-markers = [
    "python_full_version == '3.11.*'",
]
sdist = { url = "https://files.pythonhosted.org/packages/6a/51/63fe664f3908c97be9d2e4f1158eb633317598cfa6e1fc14af5383f17512/networkx-3.6.1.tar.gz", hash = "sha256:26b7c357accc0c8cde558ad486283728b65b6a95d85ee1cd66bafab4c8168509", size = 2517025, upload-time = "2025-12-08T17:02:39.908Z" }
wheels = [
    { url = "https://files.pythonhosted.org/packages/9e/c9/b2622292ea83fbb4ec318f5b9ab867d0a28ab43c5717bb85b0a5f6b3b0a4/networkx-3.6.1-py3-none-any.whl", hash = "sha256:d47fbf302e7d9cbbb9e2555a0d267983d2aa476bac30e90dfbe5669bd57f3762", size = 2068504, upload-time = "2025-12-08T17:02:38.159Z" },
]

[[package]]
name = "networkx"
version = "3.7"
source = { registry = "https://pypi.org/simple" }
resolution-markers = [
    "python_full_version >= '3.12'",
]
sdist = { url = "https://files.pythonhosted.org/packages/dc/76/3af777226b63a5e64a6b36b1ec5855c14e2b94a37096d4760e595fc43511/networkx-3.7.tar.gz", hash = "sha256:fd77a511bd90f39f3d016351345b52cf5319b813bdca01de3f755d3cca62e96a", size = 1866482, upload-time = "2026-09-21T16:45:16.974Z" }
wheels = [
    { url = "https://files.pythonhosted.org/packages/7e/cd/fe58041e9011f307c490e3e17dd48cc516448f7c698a3f2d9d9d65d7e6a8/networkx-3.7-py3-none-any.whl", hash = "sha256:e3fd2c13a7814cee3746340d8d7f8598a67f16a58bf47fb7f8793fab6efca1b0", size = 2142205, upload-time = "2026-09-21T16:45:14.609Z" },
]

[[package]]
name = "python-dateutil"
version = "2.9.0.post0"
source = { registry = "https://pypi.org/simple" }
dependencies = [
    { name = "six" },
]
sdist = { url = "https://files.pythonhosted.org/packages/66/c0/0c8b6ad9f17a802ee498c46e004a0eb49bc148f2fd230864601a86dcf6db/python-dateutil-2.9.0.post0.tar.gz", hash = "sha256:37dd54208da7e1cd875388217d5e00ebd4179249f90fb72437e91a35459a0ad3", size = 342432, upload-time = "2024-03-01T18:36:20.211Z" }
wheels = [
    { url = "https://files.pythonhosted.org/packages/ec/57/56b9bcc3c9c6a792fcbaf139543cee77261f3651ca9da0c93f5c1221264b/python_dateutil-2.9.0.post0-py2.py3-none-any.whl", hash = "sha256:a8b2bc7bffae282281c8140a97d3aa9c14da0b136dfe83f850eea9a5f7470427", size = 229892, upload-time = "2024-03-01T18:36:18.57Z" },
]

[[package]]
name = "s3transfer"
version = "0.16.1"
source = { registry = "https://pypi.org/simple" }
resolution-markers = [
    "python_full_version < '3.10'",
]
dependencies = [
    { name = "botocore", version = "1.42.97", source = { registry = "https://pypi.org/simple" } },
]
sdist = { url = "https://files.pythonhosted.org/packages/46/29/af14f4ef3c11a50435308660e2cc68761c9a7742475e0585cd4396b91777/s3transfer-0.16.1.tar.gz", hash = "sha256:8e424355754b9ccb32467bdc568edf55be82692ef2002d934b1311dbb3b9e524", size = 154801, upload-time = "2026-04-22T20:36:06.475Z" }
wheels = [
    { url = "https://files.pythonhosted.org/packages/03/19/90d7d4ed51932c022d53f1d02d564b62d10e272692a1f9b76425c1ad2a02/s3transfer-0.16.1-py3-none-any.whl", hash = "sha256:61bcd00ccb83b21a0fe7e91a553fff9729d46c83b4e0106e7c314a733891f7c2", size = 86825, upload-time = "2026-04-22T20:36:04.992Z" },
]

[[package]]
name = "s3transfer"
version = "0.19.2"
source = { registry = "https://pypi.org/simple" }
resolution-markers = [
    "python_full_version >= '3.12'",
    "python_full_version == '3.11.*'",
    "python_full_version == '3.10.*'",
]
dependencies = [
    { name = "botocore", version = "1.43.108", source = { registry = "https://pypi.org/simple" } },
]
sdist = { url = "https://files.pythonhosted.org/packages/76/43/35e4d8aa320bffe8287fe8f65f578fa2d2db0a64212f0e710dce58267854/s3transfer-0.19.2.tar.gz", hash = "sha256:ba0309fd86be3c27dbf78cdd813c13c5e1df16e5874b99d2535ebbdfb9892993", size = 165592, upload-time = "2026-07-22T19:30:44.432Z" }
wheels = [
    { url = "https://files.pythonhosted.org/packages/bc/e7/5c595c75e9f41a44f30e526eda465ea0b4eec93470e074e4a111b253f13a/s3transfer-0.19.2-py3-none-any.whl", hash = "sha256:d8168eccca828cbb2cd573675333f3bddd254313a9c42494b84c76b539e8ba25", size = 90216, upload-time = "2026-07-22T19:30:43.251Z" },
]

[[package]]
name = "six"
version = "1.17.0"
source = { registry = "https://pypi.org/simple" }
sdist = { url = "https://files.pythonhosted.org/packages/94/e7/b2c673351809dca68a0e064b6af791aa332cf192da575fd474ed7d6f16a2/six-1.17.0.tar.gz", hash = "sha256:ff70335d468e7eb6ec65b95b99d3a2836546063f63acc5171de367e834932a81", size = 34031, upload-time = "2024-12-04T17:35:28.174Z" }
wheels = [
    { url = "https://files.pythonhosted.org/packages/b7/ce/149a00dd41f10bc29e5921b496af8b574d8413afcd5e30dfa0ed46c2cc5e/six-1.17.0-py2.py3-none-any.whl", hash = "sha256:4721f391ed90541fddacab5acf947aa0d3dc7d27b2e1e8eda2be8970586c3274", size = 11050, upload-time = "2024-12-04T17:35:26.475Z" },
]

[[package]]
name = "sqlparse"
version = "0.5.5"
source = { registry = "https://pypi.org/simple" }
resolution-markers = [
    "python_full_version < '3.10'",
]
sdist = { url = "https://files.pythonhosted.org/packages/90/76/437d71068094df0726366574cf3432a4ed754217b436eb7429415cf2d480/sqlparse-0.5.5.tar.gz", hash = "sha256:e20d4a9b0b8585fdf63b10d30066c7c94c5d7a7ec47c889a2d83a3caa93ff28e", size = 120815, upload-time = "2025-12-19T07:17:45.073Z" }
wheels = [
    { url = "https://files.pythonhosted.org/packages/49/4b/359f28a903c13438ef59ebeee215fb25da53066db67b305c125f1c6d2a25/sqlparse-0.5.5-py3-none-any.whl", hash = "sha256:12a08b3bf3eec877c519589833aed092e2444e68240a3577e8e26148acc7b1ba", size = 46138, upload-time = "2025-12-19T07:17:46.573Z" },
]

[[package]]
name = "sqlparse"
version = "0.6.0"
source = { registry = "https://pypi.org/simple" }
resolution-markers = [
    "python_full_version >= '3.12'",
    "python_full_version == '3.11.*'",
    "python_full_version == '3.10.*'",
]
sdist = { url = "https://files.pythonhosted.org/packages/5f/d3/3f06a1006f2261d1342aefb3c71eed02f5d4ca5bdbecd86ebc12ad38306e/sqlparse-0.6.0.tar.gz", hash = "sha256:113c35c75365ab9cc9c7231d68c6428fb11c085fc8e9eb1ad659b7ddbf6cd2b9", size = 178477, upload-time = "2026-08-13T19:16:06.396Z" }
wheels = [
    { url = "https://files.pythonhosted.org/packages/d9/50/f00935da0ec7cbf325f8dc4f772ae46fbc7b672dd62876e73f0a94adda57/sqlparse-0.6.0-py3-none-any.whl", hash = "sha256:b861c0288ce2fa56209a9a6412d2e066ac664b3873b89c26c9d8415e8e32996f", size = 50070, upload-time = "2026-08-13T19:16:04.062Z" },
]

[[package]]
name = "sympy"
version = "1.14.0"
source = { registry = "https://pypi.org/simple" }
dependencies = [
    { name = "mpmath" },
]
sdist = { url = "https://files.pythonhosted.org/packages/83/d3/803453b36afefb7c2bb238361cd4ae6125a569b4db67cd9e79846ba2d68c/sympy-1.14.0.tar.gz", hash = "sha256:d3d3fe8df1e5a0b42f0e7bdf50541697dbe7d23746e894990c030e2b05e72517", size = 7793921, upload-time = "2025-04-27T18:05:01.611Z" }
wheels = [
    { url = "https://files.pythonhosted.org/packages/a2/09/77d55d46fd61b4a135c444fc97158ef34a095e5681d0a6c10b75bf356191/sympy-1.14.0-py3-none-any.whl", hash = "sha256:e091cc3e99d2141a0ba2847328f5479b05d94a6635cb96148ccb3f34671bd8f5", size = 6299353, upload-time = "2025-04-27T18:04:59.103Z" },
]

[[package]]
name = "typing-extensions"
version = "4.16.0"
source = { registry = "https://pypi.org/simple" }
sdist = { url = "https://files.pythonhosted.org/packages/f6/cc/6253133b5bb138fc3306cebfbda2c520f545d36b5be2c7255cc528bb45d6/typing_extensions-4.16.0.tar.gz", hash = "sha256:dc983d19a509c94dba722ee6abd33940f7c05a89e243c47e907eb4db6f1a43e5", size = 113555, upload-time = "2026-07-02T08:40:05.92Z" }
wheels = [
    { url = "https://files.pythonhosted.org/packages/49/d3/b8441a820a491ddfc024b0b0cf0393375b75ea13866d9c66727e54c2fc80/typing_extensions-4.16.0-py3-none-any.whl", hash = "sha256:481caa481374e813c1b176ada14e97f1f67a4539ce9cfeb3f350d78d6370c2e8", size = 45571, upload-time = "2026-07-02T08:40:04.659Z" },
]

[[package]]
name = "tzdata"
version = "2026.5"
source = { registry = "https://pypi.org/simple" }
sdist = { url = "https://files.pythonhosted.org/packages/d9/68/f1b440335057bfce71b6e50a9d09445aa2ecbd08359a337976627b8409e7/tzdata-2026.5.tar.gz", hash = "sha256:8cc73c0a0bfca7dbfa59235d60b2eff82231dee33f53d206db1acd9173cfc0a7", size = 200404, upload-time = "2026-10-03T09:23:14.143Z" }
wheels = [
    { url = "https://files.pythonhosted.org/packages/94/21/1e5995a1c920cce14e4bffae20c665ec10e7ed03ab25e006cd741092b718/tzdata-2026.5-py2.py3-none-any.whl", hash = "sha256:b683bd1b6659ddcd810ff02ad09ba821d4bf1065072805063eb35c49617905ac", size = 347996, upload-time = "2026-10-03T09:23:12.535Z" },
]

[[package]]
name = "urllib3"
version = "1.26.20"
source = { registry = "https://pypi.org/simple" }
resolution-markers = [
    "python_full_version < '3.10'",
]
sdist = { url = "https://files.pythonhosted.org/packages/e4/e8/6ff5e6bc22095cfc59b6ea711b687e2b7ed4bdb373f7eeec370a97d7392f/urllib3-1.26.20.tar.gz", hash = "sha256:40c2dc0c681e47eb8f90e7e27bf6ff7df2e677421fd46756da1161c39ca70d32", size = 307380, upload-time = "2024-08-29T15:43:11.37Z" }
wheels = [
    { url = "https://files.pythonhosted.org/packages/33/cf/8435d5a7159e2a9c83a95896ed596f68cf798005fe107cc655b5c5c14704/urllib3-1.26.20-py2.py3-none-any.whl", hash = "sha256:0ed14ccfbf1c30a9072c7ca157e4319b70d65f623e91e7b32fadb2853431016e", size = 144225, upload-time = "2024-08-29T15:43:08.921Z" },
]

[[package]]
name = "urllib3"
version = "2.8.0"
source = { registry = "https://pypi.org/simple" }
resolution-markers = [
    "python_full_version >= '3.12'",
    "python_full_version == '3.11.*'",
    "python_full_version == '3.10.*'",
]
sdist = { url = "https://files.pythonhosted.org/packages/e3/05/b17359e1cefb4f909b5e40b1b90a496d987258916dbbf88e842c729f510e/urllib3-2.8.0.tar.gz", hash = "sha256:63bf2ead4c879426ebf22ef2a781eeb4aa3b4ae798a0435506f8687fd5bb9b63", size = 458972, upload-time = "2026-09-15T19:29:36.253Z" }
wheels = [
    { url = "https://files.pythonhosted.org/packages/92/9d/c4e665119135114480843e7ab388fa94d8480650450e6f8e26b70d323a4c/urllib3-2.8.0-py3-none-any.whl", hash = "sha256:0cf3cae568d36aa9576b28dfb35f11328f1cb974ca7647d9475ebb86c75ac6e3", size = 135717, upload-time = "2026-09-15T19:29:34.577Z" },
]
